
Microsoft Visual Studio Solution File, Format Version 12.00
# Visual Studio Version 17
VisualStudioVersion = 17.8.34330.188
MinimumVisualStudioVersion = 10.0.40219.1
Project("{FAE04EC0-301F-11D3-BF4B-00C04F79EFBC}") = "MagicVilla_API", "MagicVilla_API\MagicVilla_API.csproj", "{D4D65346-4CB4-45EF-92F1-5223924D0657}"
EndProject
Global
	GlobalSection(SolutionConfigurationPlatforms) = preSolution
		Debug|Any CPU = Debug|Any CPU
		Release|Any CPU = Release|Any CPU
	EndGlobalSection
	GlobalSection(ProjectConfigurationPlatforms) = postSolution
		{D4D65346-4CB4-45EF-92F1-5223924D0657}.Debug|Any CPU.ActiveCfg = Debug|Any CPU
		{D4D65346-4CB4-45EF-92F1-5223924D0657}.Debug|Any CPU.Build.0 = Debug|Any CPU
		{D4D65346-4CB4-45EF-92F1-5223924D0657}.Release|Any CPU.ActiveCfg = Release|Any CPU
		{D4D65346-4CB4-45EF-92F1-5223924D0657}.Release|Any CPU.Build.0 = Release|Any CPU
	EndGlobalSection
	GlobalSection(SolutionProperties) = preSolution
		HideSolutionNode = FALSE
	EndGlobalSection
	GlobalSection(ExtensibilityGlobals) = postSolution
		SolutionGuid = {1A1F2636-2A18-4B64-A39A-DE2092391B39}
	EndGlobalSection
EndGlobal
